
Microsoft Visual Studio Solution File, Format Version 12.00
# Visual Studio Version 16
VisualStudioVersion = 16.0.31129.286
MinimumVisualStudioVersion = 10.0.40219.1
Project("{FAE04EC0-301F-11D3-BF4B-00C04F79EFBC}") = "TransformGeo", "TransformGeo.csproj", "{FD4FD2A5-667F-4841-8E1F-214382691AE6}"
EndProject
Global
	GlobalSection(SolutionConfigurationPlatforms) = preSolution
		Debug|Any CPU = Debug|Any CPU
		Release|Any CPU = Release|Any CPU
	EndGlobalSection
	GlobalSection(ProjectConfigurationPlatforms) = postSolution
		{FD4FD2A5-667F-4841-8E1F-214382691AE6}.Debug|Any CPU.ActiveCfg = Debug|Any CPU
		{FD4FD2A5-667F-4841-8E1F-214382691AE6}.Debug|Any CPU.Build.0 = Debug|Any CPU
		{FD4FD2A5-667F-4841-8E1F-214382691AE6}.Release|Any CPU.ActiveCfg = Release|Any CPU
		{FD4FD2A5-667F-4841-8E1F-214382691AE6}.Release|Any CPU.Build.0 = Release|Any CPU
	EndGlobalSection
	GlobalSection(SolutionProperties) = preSolution
		HideSolutionNode = FALSE
	EndGlobalSection
	GlobalSection(ExtensibilityGlobals) = postSolution
		SolutionGuid = {1B9757A1-F4EA-45E7-86ED-BBE2E7CF91E2}
	EndGlobalSection
EndGlobal
